
Microsoft Visual Studio Solution File, Format Version 12.00
# Visual Studio Version 16
VisualStudioVersion = 16.0.31424.327
MinimumVisualStudioVersion = 10.0.40219.1
Project("{9A19103F-16F7-4668-BE54-9A1E7A4F7556}") = "WebAPI3.1", "WebAPI3.1\WebAPI3.1.csproj", "{5611F8E5-59B7-43F3-8469-CB82DEADEEDF}"
EndProject
Project("{FAE04EC0-301F-11D3-BF4B-00C04F79EFBC}") = "BAL", "BAL\BAL.csproj", "{A814710F-01B1-4E20-BBB0-349636562338}"
EndProject
Project("{FAE04EC0-301F-11D3-BF4B-00C04F79EFBC}") = "DAL", "DAL\DAL.csproj", "{408358C1-8B3C-4799-B0DC-D3830479BC33}"
EndProject
Global
	GlobalSection(SolutionConfigurationPlatforms) = preSolution
		Debug|Any CPU = Debug|Any CPU
		Release|Any CPU = Release|Any CPU
	EndGlobalSection
	GlobalSection(ProjectConfigurationPlatforms) = postSolution
		{5611F8E5-59B7-43F3-8469-CB82DEADEEDF}.Debug|Any CPU.ActiveCfg = Debug|Any CPU
		{5611F8E5-59B7-43F3-8469-CB82DEADEEDF}.Debug|Any CPU.Build.0 = Debug|Any CPU
		{5611F8E5-59B7-43F3-8469-CB82DEADEEDF}.Release|Any CPU.ActiveCfg = Release|Any CPU
		{5611F8E5-59B7-43F3-8469-CB82DEADEEDF}.Release|Any CPU.Build.0 = Release|Any CPU
		{A814710F-01B1-4E20-BBB0-349636562338}.Debug|Any CPU.ActiveCfg = Debug|Any CPU
		{A814710F-01B1-4E20-BBB0-349636562338}.Debug|Any CPU.Build.0 = Debug|Any CPU
		{A814710F-01B1-4E20-BBB0-349636562338}.Release|Any CPU.ActiveCfg = Release|Any CPU
		{A814710F-01B1-4E20-BBB0-349636562338}.Release|Any CPU.Build.0 = Release|Any CPU
		{408358C1-8B3C-4799-B0DC-D3830479BC33}.Debug|Any CPU.ActiveCfg = Debug|Any CPU
		{408358C1-8B3C-4799-B0DC-D3830479BC33}.Debug|Any CPU.Build.0 = Debug|Any CPU
		{408358C1-8B3C-4799-B0DC-D3830479BC33}.Release|Any CPU.ActiveCfg = Release|Any CPU
		{408358C1-8B3C-4799-B0DC-D3830479BC33}.Release|Any CPU.Build.0 = Release|Any CPU
	EndGlobalSection
	GlobalSection(SolutionProperties) = preSolution
		HideSolutionNode = FALSE
	EndGlobalSection
	GlobalSection(ExtensibilityGlobals) = postSolution
		SolutionGuid = {64858A03-50FF-45BB-A331-6EFD5B903C61}
	EndGlobalSection
EndGlobal
